
Microsoft Visual Studio Solution File, Format Version 12.00
# Visual Studio Version 16
VisualStudioVersion = 16.0.810.25
MinimumVisualStudioVersion = 10.0.40219.1
Project("{FAE04EC0-301F-11D3-BF4B-00C04F79EFBC}") = "AdventCode_2022", "AdventCode_2022\AdventCode_2022.csproj", "{7D0F533A-C9A0-40D7-96F0-EDE8F23C7153}"
EndProject
Global
	GlobalSection(SolutionConfigurationPlatforms) = preSolution
		Debug|Any CPU = Debug|Any CPU
		Release|Any CPU = Release|Any CPU
	EndGlobalSection
	GlobalSection(ProjectConfigurationPlatforms) = postSolution
		{7D0F533A-C9A0-40D7-96F0-EDE8F23C7153}.Debug|Any CPU.ActiveCfg = Debug|Any CPU
		{7D0F533A-C9A0-40D7-96F0-EDE8F23C7153}.Debug|Any CPU.Build.0 = Debug|Any CPU
		{7D0F533A-C9A0-40D7-96F0-EDE8F23C7153}.Release|Any CPU.ActiveCfg = Release|Any CPU
		{7D0F533A-C9A0-40D7-96F0-EDE8F23C7153}.Release|Any CPU.Build.0 = Release|Any CPU
	EndGlobalSection
	GlobalSection(SolutionProperties) = preSolution
		HideSolutionNode = FALSE
	EndGlobalSection
	GlobalSection(ExtensibilityGlobals) = postSolution
		SolutionGuid = {57A4182A-0AC9-40E3-9208-6E834CB91F03}
	EndGlobalSection
EndGlobal
